<Solution>
  <Configurations>
    <BuildType Name="Debug" />
    <BuildType Name="DebugLocal" />
    <BuildType Name="Release" />
    <Platform Name="Default" />
  </Configurations>
  <Project Path="1 to 5 Reports.rptproj">
    <Deploy Solution="Debug|*" />
    <Deploy Solution="Release|*" />
  </Project>
</Solution>
